
Microsoft Visual Studio Solution File, Format Version 12.00
# Visual Studio Version 16
VisualStudioVersion = 16.0.28803.352
MinimumVisualStudioVersion = 10.0.40219.1
Project("{FAE04EC0-301F-11D3-BF4B-00C04F79EFBC}") = "client", "client.csproj", "{D50E6F2C-6B04-4221-B508-06841DAFB76C}"
EndProject
Global
	GlobalSection(SolutionConfigurationPlatforms) = preSolution
		Debug|Any CPU = Debug|Any CPU
		Release|Any CPU = Release|Any CPU
	EndGlobalSection
	GlobalSection(ProjectConfigurationPlatforms) = postSolution
		{D50E6F2C-6B04-4221-B508-06841DAFB76C}.Debug|Any CPU.ActiveCfg = Debug|Any CPU
		{D50E6F2C-6B04-4221-B508-06841DAFB76C}.Debug|Any CPU.Build.0 = Debug|Any CPU
		{D50E6F2C-6B04-4221-B508-06841DAFB76C}.Release|Any CPU.ActiveCfg = Release|Any CPU
		{D50E6F2C-6B04-4221-B508-06841DAFB76C}.Release|Any CPU.Build.0 = Release|Any CPU
	EndGlobalSection
	GlobalSection(SolutionProperties) = preSolution
		HideSolutionNode = FALSE
	EndGlobalSection
	GlobalSection(ExtensibilityGlobals) = postSolution
		SolutionGuid = {CAD711D8-07AA-44D5-9A12-99A0307A6CAF}
	EndGlobalSection
EndGlobal
